
Microsoft Visual Studio Solution File, Format Version 12.00
# Visual Studio 15
VisualStudioVersion = 15.0.28010.2019
MinimumVisualStudioVersion = 10.0.40219.1
Project("{8BC9CEB8-8B4A-11D0-8D11-00A0C91BC942}") = "SailBotApplication", "SailBotApplication\SailBotApplication.vcxproj", "{ADE45163-DB86-4E03-AEE8-F0930D618E9C}"
EndProject
Project("{8BC9CEB8-8B4A-11D0-8D11-00A0C91BC942}") = "SailTest", "SailTest\SailTest.vcxproj", "{4C2C05BB-FA35-418C-90EB-BF1CD3E38A4C}"
EndProject
Global
	GlobalSection(SolutionConfigurationPlatforms) = preSolution
		Debug|x64 = Debug|x64
		Debug|x86 = Debug|x86
		Release|x64 = Release|x64
		Release|x86 = Release|x86
	EndGlobalSection
	GlobalSection(ProjectConfigurationPlatforms) = postSolution
		{ADE45163-DB86-4E03-AEE8-F0930D618E9C}.Debug|x64.ActiveCfg = Debug|x64
		{ADE45163-DB86-4E03-AEE8-F0930D618E9C}.Debug|x64.Build.0 = Debug|x64
		{ADE45163-DB86-4E03-AEE8-F0930D618E9C}.Debug|x86.ActiveCfg = Debug|Win32
		{ADE45163-DB86-4E03-AEE8-F0930D618E9C}.Debug|x86.Build.0 = Debug|Win32
		{ADE45163-DB86-4E03-AEE8-F0930D618E9C}.Release|x64.ActiveCfg = Release|x64
		{ADE45163-DB86-4E03-AEE8-F0930D618E9C}.Release|x64.Build.0 = Release|x64
		{ADE45163-DB86-4E03-AEE8-F0930D618E9C}.Release|x86.ActiveCfg = Release|Win32
		{ADE45163-DB86-4E03-AEE8-F0930D618E9C}.Release|x86.Build.0 = Release|Win32
		{4C2C05BB-FA35-418C-90EB-BF1CD3E38A4C}.Debug|x64.ActiveCfg = Debug|x64
		{4C2C05BB-FA35-418C-90EB-BF1CD3E38A4C}.Debug|x64.Build.0 = Debug|x64
		{4C2C05BB-FA35-418C-90EB-BF1CD3E38A4C}.Debug|x86.ActiveCfg = Debug|Win32
		{4C2C05BB-FA35-418C-90EB-BF1CD3E38A4C}.Debug|x86.Build.0 = Debug|Win32
		{4C2C05BB-FA35-418C-90EB-BF1CD3E38A4C}.Release|x64.ActiveCfg = Release|x64
		{4C2C05BB-FA35-418C-90EB-BF1CD3E38A4C}.Release|x64.Build.0 = Release|x64
		{4C2C05BB-FA35-418C-90EB-BF1CD3E38A4C}.Release|x86.ActiveCfg = Release|Win32
		{4C2C05BB-FA35-418C-90EB-BF1CD3E38A4C}.Release|x86.Build.0 = Release|Win32
	EndGlobalSection
	GlobalSection(SolutionProperties) = preSolution
		HideSolutionNode = FALSE
	EndGlobalSection
	GlobalSection(ExtensibilityGlobals) = postSolution
		SolutionGuid = {944FB866-1546-43D4-9BEC-782A63E31D12}
	EndGlobalSection
EndGlobal
